
Microsoft Visual Studio Solution File, Format Version 11.00
# Visual Studio 2010
Project("{FAE04EC0-301F-11D3-BF4B-00C04F79EFBC}") = "WebApplication5", "WebApplication5.csproj", "{1EE13BBB-4F1A-4F2B-A558-AD5F5C6DE11B}"
EndProject
Project("{FAE04EC0-301F-11D3-BF4B-00C04F79EFBC}") = "ControlLibrary", "..\ControlLibrary\ControlLibrary.csproj", "{29BB5827-64F4-44B6-AD9B-0E29B4EF4941}"
EndProject
Project("{FAE04EC0-301F-11D3-BF4B-00C04F79EFBC}") = "SmartHouseDll", "..\SmartHouseDll\SmartHouseDll.csproj", "{3BD0A509-CC4E-4A5A-BAA4-BED2DB452D80}"
EndProject
Global
	GlobalSection(SolutionConfigurationPlatforms) = preSolution
		Debug|Any CPU = Debug|Any CPU
		Release|Any CPU = Release|Any CPU
	EndGlobalSection
	GlobalSection(ProjectConfigurationPlatforms) = postSolution
		{1EE13BBB-4F1A-4F2B-A558-AD5F5C6DE11B}.Debug|Any CPU.ActiveCfg = Debug|Any CPU
		{1EE13BBB-4F1A-4F2B-A558-AD5F5C6DE11B}.Debug|Any CPU.Build.0 = Debug|Any CPU
		{1EE13BBB-4F1A-4F2B-A558-AD5F5C6DE11B}.Release|Any CPU.ActiveCfg = Release|Any CPU
		{1EE13BBB-4F1A-4F2B-A558-AD5F5C6DE11B}.Release|Any CPU.Build.0 = Release|Any CPU
		{29BB5827-64F4-44B6-AD9B-0E29B4EF4941}.Debug|Any CPU.ActiveCfg = Debug|Any CPU
		{29BB5827-64F4-44B6-AD9B-0E29B4EF4941}.Debug|Any CPU.Build.0 = Debug|Any CPU
		{29BB5827-64F4-44B6-AD9B-0E29B4EF4941}.Release|Any CPU.ActiveCfg = Release|Any CPU
		{29BB5827-64F4-44B6-AD9B-0E29B4EF4941}.Release|Any CPU.Build.0 = Release|Any CPU
		{3BD0A509-CC4E-4A5A-BAA4-BED2DB452D80}.Debug|Any CPU.ActiveCfg = Debug|Any CPU
		{3BD0A509-CC4E-4A5A-BAA4-BED2DB452D80}.Debug|Any CPU.Build.0 = Debug|Any CPU
		{3BD0A509-CC4E-4A5A-BAA4-BED2DB452D80}.Release|Any CPU.ActiveCfg = Release|Any CPU
		{3BD0A509-CC4E-4A5A-BAA4-BED2DB452D80}.Release|Any CPU.Build.0 = Release|Any CPU
	EndGlobalSection
	GlobalSection(SolutionProperties) = preSolution
		HideSolutionNode = FALSE
	EndGlobalSection
EndGlobal
